<?xml version="1.0" encoding="utf-8"?>
<Project ToolsVersion="4.0" xmlns="http://schemas.microsoft.com/developer/msbuild/2003">
  <ItemGroup>
    <Filter Include="General">
      <UniqueIdentifier>{4FC737F1-C7A5-4376-A066-2A32D752A2FF}</UniqueIdentifier>
      <Extensions>cpp;c;cc;cxx;def;odl;idl;hpj;bat;asm;asmx</Extensions>
    </Filter>
    <Filter Include="Game">
      <UniqueIdentifier>{7af33695-c06d-49f5-bd26-63fc967f3568}</UniqueIdentifier>
    </Filter>
    <Filter Include="Data">
      <UniqueIdentifier>{e55b867b-04ce-4af6-8c4f-f1490f896af2}</UniqueIdentifier>
    </Filter>
    <Filter Include="Data\Definitions">
      <UniqueIdentifier>{51732993-18f9-405b-b697-60f965ca948c}</UniqueIdentifier>
    </Filter>
    <Filter Include="Data\Materials">
      <UniqueIdentifier>{f7b9382b-ef91-46fc-bd81-f820bda7fec2}</UniqueIdentifier>
    </Filter>
    <Filter Include="Data\Images">
      <UniqueIdentifier>{4ff2fdbf-8196-4aa9-a982-698d45f2e3ea}</UniqueIdentifier>
    </Filter>
    <Filter Include="Data\ShaderPrograms">
      <UniqueIdentifier>{dbe415ab-3d9e-4701-b872-a47ba366d86e}</UniqueIdentifier>
    </Filter>
    <Filter Include="Data\Shaders">
      <UniqueIdentifier>{38c32011-edaf-4083-bb77-be03e4e3d720}</UniqueIdentifier>
    </Filter>
    <Filter Include="Data\Images\32">
      <UniqueIdentifier>{25c03940-5f42-4ce3-bd49-a8d22fe3404d}</UniqueIdentifier>
    </Filter>
    <Filter Include="Data\Images\64">
      <UniqueIdentifier>{95294edf-b6ed-4ae0-a6f8-473906401d06}</UniqueIdentifier>
    </Filter>
  </ItemGroup>
  <ItemGroup>
    <ClCompile Include="Main_Win32.cpp">
      <Filter>General</Filter>
    </ClCompile>
    <ClCompile Include="GameCommon.cpp">
      <Filter>General</Filter>
    </ClCompile>
    <ClCompile Include="Game.cpp">
      <Filter>Game</Filter>
    </ClCompile>
    <ClCompile Include="GameConfig.cpp">
      <Filter>General</Filter>
    </ClCompile>
  </ItemGroup>
  <ItemGroup>
    <ClInclude Include="GameCommon.hpp">
      <Filter>General</Filter>
    </ClInclude>
    <ClInclude Include="Game.hpp">
      <Filter>Game</Filter>
    </ClInclude>
    <ClInclude Include="GameConfig.hpp">
      <Filter>General</Filter>
    </ClInclude>
  </ItemGroup>
  <ItemGroup>
    <Image Include="..\..\Run_x64\Data\Images\32\apple_alt_32.png">
      <Filter>Data\Images\32</Filter>
    </Image>
    <Image Include="..\..\Run_x64\Data\Images\32\apple_green_32.png">
      <Filter>Data\Images\32</Filter>
    </Image>
    <Image Include="..\..\Run_x64\Data\Images\32\apple_red_32.png">
      <Filter>Data\Images\32</Filter>
    </Image>
    <Image Include="..\..\Run_x64\Data\Images\32\bomb_32.png">
      <Filter>Data\Images\32</Filter>
    </Image>
    <Image Include="..\..\Run_x64\Data\Images\32\easter_egg_32.png">
      <Filter>Data\Images\32</Filter>
    </Image>
    <Image Include="..\..\Run_x64\Data\Images\32\oliebol_32.png">
      <Filter>Data\Images\32</Filter>
    </Image>
    <Image Include="..\..\Run_x64\Data\Images\32\snake_green_blob_32.png">
      <Filter>Data\Images\32</Filter>
    </Image>
    <Image Include="..\..\Run_x64\Data\Images\32\snake_green_eyes_32.png">
      <Filter>Data\Images\32</Filter>
    </Image>
    <Image Include="..\..\Run_x64\Data\Images\32\snake_green_head_32.png">
      <Filter>Data\Images\32</Filter>
    </Image>
    <Image Include="..\..\Run_x64\Data\Images\32\snake_yellow_blob_32.png">
      <Filter>Data\Images\32</Filter>
    </Image>
    <Image Include="..\..\Run_x64\Data\Images\32\snake_yellow_eyes_32.png">
      <Filter>Data\Images\32</Filter>
    </Image>
    <Image Include="..\..\Run_x64\Data\Images\32\snake_yellow_head_32.png">
      <Filter>Data\Images\32</Filter>
    </Image>
    <Image Include="..\..\Run_x64\Data\Images\32\wall_block_32_0.png">
      <Filter>Data\Images\32</Filter>
    </Image>
    <Image Include="..\..\Run_x64\Data\Images\32\wall_block_32_1.png">
      <Filter>Data\Images\32</Filter>
    </Image>
    <Image Include="..\..\Run_x64\Data\Images\32\wall_block_32_2.png">
      <Filter>Data\Images\32</Filter>
    </Image>
    <Image Include="..\..\Run_x64\Data\Images\32\wall_block_32_3.png">
      <Filter>Data\Images\32</Filter>
    </Image>
    <Image Include="..\..\Run_x64\Data\Images\32\wall_block_32_4.png">
      <Filter>Data\Images\32</Filter>
    </Image>
    <Image Include="..\..\Run_x64\Data\Images\32\wall_block_32_5.png">
      <Filter>Data\Images\32</Filter>
    </Image>
    <Image Include="..\..\Run_x64\Data\Images\32\wall_block_32_6.png">
      <Filter>Data\Images\32</Filter>
    </Image>
    <Image Include="..\..\Run_x64\Data\Images\64\apple_alt_64.png">
      <Filter>Data\Images\64</Filter>
    </Image>
    <Image Include="..\..\Run_x64\Data\Images\64\apple_green_64.png">
      <Filter>Data\Images\64</Filter>
    </Image>
    <Image Include="..\..\Run_x64\Data\Images\64\apple_red_64.png">
      <Filter>Data\Images\64</Filter>
    </Image>
    <Image Include="..\..\Run_x64\Data\Images\64\bomb_64.png">
      <Filter>Data\Images\64</Filter>
    </Image>
    <Image Include="..\..\Run_x64\Data\Images\64\easter_egg_64.png">
      <Filter>Data\Images\64</Filter>
    </Image>
    <Image Include="..\..\Run_x64\Data\Images\64\oliebol_64.png">
      <Filter>Data\Images\64</Filter>
    </Image>
    <Image Include="..\..\Run_x64\Data\Images\64\snake_green_blob_64.png">
      <Filter>Data\Images\64</Filter>
    </Image>
    <Image Include="..\..\Run_x64\Data\Images\64\snake_green_eyes_64.png">
      <Filter>Data\Images\64</Filter>
    </Image>
    <Image Include="..\..\Run_x64\Data\Images\64\snake_green_head_64.png">
      <Filter>Data\Images\64</Filter>
    </Image>
    <Image Include="..\..\Run_x64\Data\Images\64\snake_yellow_blob_64.png">
      <Filter>Data\Images\64</Filter>
    </Image>
    <Image Include="..\..\Run_x64\Data\Images\64\snake_yellow_eyes_64.png">
      <Filter>Data\Images\64</Filter>
    </Image>
    <Image Include="..\..\Run_x64\Data\Images\64\snake_yellow_head_64.png">
      <Filter>Data\Images\64</Filter>
    </Image>
    <Image Include="..\..\Run_x64\Data\Images\64\wall_block_64_0.png">
      <Filter>Data\Images\64</Filter>
    </Image>
    <Image Include="..\..\Run_x64\Data\Images\64\wall_block_64_1.png">
      <Filter>Data\Images\64</Filter>
    </Image>
    <Image Include="..\..\Run_x64\Data\Images\64\wall_block_64_2.png">
      <Filter>Data\Images\64</Filter>
    </Image>
    <Image Include="..\..\Run_x64\Data\Images\64\wall_block_64_3.png">
      <Filter>Data\Images\64</Filter>
    </Image>
    <Image Include="..\..\Run_x64\Data\Images\64\wall_block_64_4.png">
      <Filter>Data\Images\64</Filter>
    </Image>
    <Image Include="..\..\Run_x64\Data\Images\64\wall_block_64_5.png">
      <Filter>Data\Images\64</Filter>
    </Image>
    <Image Include="..\..\Run_x64\Data\Images\64\wall_block_64_6.png">
      <Filter>Data\Images\64</Filter>
    </Image>
  </ItemGroup>
</Project>