<?xml version="1.0" encoding="utf-8"?>
<Project ToolsVersion="4.0" xmlns="http://schemas.microsoft.com/developer/msbuild/2003">
  <ItemGroup>
    <Filter Include="General">
      <UniqueIdentifier>{4FC737F1-C7A5-4376-A066-2A32D752A2FF}</UniqueIdentifier>
      <Extensions>cpp;c;cc;cxx;def;odl;idl;hpj;bat;asm;asmx</Extensions>
    </Filter>
    <Filter Include="Game">
      <UniqueIdentifier>{7af33695-c06d-49f5-bd26-63fc967f3568}</UniqueIdentifier>
    </Filter>
    <Filter Include="Data">
      <UniqueIdentifier>{e55b867b-04ce-4af6-8c4f-f1490f896af2}</UniqueIdentifier>
    </Filter>
    <Filter Include="Data\Definitions">
      <UniqueIdentifier>{51732993-18f9-405b-b697-60f965ca948c}</UniqueIdentifier>
    </Filter>
    <Filter Include="Data\Materials">
      <UniqueIdentifier>{f7b9382b-ef91-46fc-bd81-f820bda7fec2}</UniqueIdentifier>
    </Filter>
    <Filter Include="Data\Images">
      <UniqueIdentifier>{4ff2fdbf-8196-4aa9-a982-698d45f2e3ea}</UniqueIdentifier>
    </Filter>
    <Filter Include="Data\ShaderPrograms">
      <UniqueIdentifier>{dbe415ab-3d9e-4701-b872-a47ba366d86e}</UniqueIdentifier>
    </Filter>
    <Filter Include="Data\Shaders">
      <UniqueIdentifier>{38c32011-edaf-4083-bb77-be03e4e3d720}</UniqueIdentifier>
    </Filter>
  </ItemGroup>
  <ItemGroup>
    <ClCompile Include="Main_Win32.cpp">
      <Filter>General</Filter>
    </ClCompile>
    <ClCompile Include="GameCommon.cpp">
      <Filter>General</Filter>
    </ClCompile>
    <ClCompile Include="Game.cpp">
      <Filter>Game</Filter>
    </ClCompile>
    <ClCompile Include="GameConfig.cpp">
      <Filter>General</Filter>
    </ClCompile>
    <ClCompile Include="Wall.cpp">
      <Filter>Game</Filter>
    </ClCompile>
    <ClCompile Include="Map.cpp">
      <Filter>Game</Filter>
    </ClCompile>
    <ClCompile Include="Food.cpp">
      <Filter>Game</Filter>
    </ClCompile>
  </ItemGroup>
  <ItemGroup>
    <ClInclude Include="GameCommon.hpp">
      <Filter>General</Filter>
    </ClInclude>
    <ClInclude Include="Game.hpp">
      <Filter>Game</Filter>
    </ClInclude>
    <ClInclude Include="GameConfig.hpp">
      <Filter>General</Filter>
    </ClInclude>
    <ClInclude Include="Wall.hpp">
      <Filter>Game</Filter>
    </ClInclude>
    <ClInclude Include="Map.hpp">
      <Filter>Game</Filter>
    </ClInclude>
    <ClInclude Include="Food.hpp">
      <Filter>Game</Filter>
    </ClInclude>
  </ItemGroup>
  <ItemGroup>
    <None Include="..\..\Run_x64\Data\Materials\tile.material">
      <Filter>Data\Materials</Filter>
    </None>
    <None Include="..\..\Run_x64\Data\Shaders\tile.shader">
      <Filter>Data\Shaders</Filter>
    </None>
    <None Include="..\..\Run_x64\Data\ShaderPrograms\tile_PS.cso">
      <Filter>Data\ShaderPrograms</Filter>
    </None>
    <None Include="..\..\Run_x64\Data\ShaderPrograms\tile_VS.cso">
      <Filter>Data\ShaderPrograms</Filter>
    </None>
  </ItemGroup>
  <ItemGroup>
    <Image Include="..\..\Run_x64\Data\Images\Assets\apple_alt_64.png">
      <Filter>Data\Images</Filter>
    </Image>
    <Image Include="..\..\Run_x64\Data\Images\Assets\apple_green_64.png">
      <Filter>Data\Images</Filter>
    </Image>
    <Image Include="..\..\Run_x64\Data\Images\Assets\apple_red_64.png">
      <Filter>Data\Images</Filter>
    </Image>
    <Image Include="..\..\Run_x64\Data\Images\Assets\bomb_64.png">
      <Filter>Data\Images</Filter>
    </Image>
    <Image Include="..\..\Run_x64\Data\Images\Assets\easter_egg_64.png">
      <Filter>Data\Images</Filter>
    </Image>
    <Image Include="..\..\Run_x64\Data\Images\Assets\oliebol_64.png">
      <Filter>Data\Images</Filter>
    </Image>
    <Image Include="..\..\Run_x64\Data\Images\Assets\snake_green_blob_64.png">
      <Filter>Data\Images</Filter>
    </Image>
    <Image Include="..\..\Run_x64\Data\Images\Assets\snake_green_eyes_64.png">
      <Filter>Data\Images</Filter>
    </Image>
    <Image Include="..\..\Run_x64\Data\Images\Assets\snake_green_head_64.png">
      <Filter>Data\Images</Filter>
    </Image>
    <Image Include="..\..\Run_x64\Data\Images\Assets\snake_yellow_blob_64.png">
      <Filter>Data\Images</Filter>
    </Image>
    <Image Include="..\..\Run_x64\Data\Images\Assets\snake_yellow_eyes_64.png">
      <Filter>Data\Images</Filter>
    </Image>
    <Image Include="..\..\Run_x64\Data\Images\Assets\snake_yellow_head_64.png">
      <Filter>Data\Images</Filter>
    </Image>
    <Image Include="..\..\Run_x64\Data\Images\Assets\wall_block_64_0.png">
      <Filter>Data\Images</Filter>
    </Image>
    <Image Include="..\..\Run_x64\Data\Images\Assets\wall_block_64_1.png">
      <Filter>Data\Images</Filter>
    </Image>
    <Image Include="..\..\Run_x64\Data\Images\Assets\wall_block_64_2.png">
      <Filter>Data\Images</Filter>
    </Image>
    <Image Include="..\..\Run_x64\Data\Images\Assets\wall_block_64_3.png">
      <Filter>Data\Images</Filter>
    </Image>
    <Image Include="..\..\Run_x64\Data\Images\Assets\wall_block_64_4.png">
      <Filter>Data\Images</Filter>
    </Image>
    <Image Include="..\..\Run_x64\Data\Images\Assets\wall_block_64_5.png">
      <Filter>Data\Images</Filter>
    </Image>
    <Image Include="..\..\Run_x64\Data\Images\Assets\wall_block_64_6.png">
      <Filter>Data\Images</Filter>
    </Image>
  </ItemGroup>
  <ItemGroup>
    <FxCompile Include="..\..\Run_x64\Data\ShaderPrograms\tile.hlsl">
      <Filter>Data\ShaderPrograms</Filter>
    </FxCompile>
  </ItemGroup>
</Project>